// !$*UTF8*$!
{
	archiveVersion = 1;
	classes = {
	};
	objectVersion = 77;
	objects = {

/* Begin PBXContainerItemProxy section */
		C7E2E7EB2CB90CB30005CB10 /* PBXContainerItemProxy */ = {
			isa = PBXContainerItemProxy;
			containerPortal = C7E2E7D22CB90CB20005CB10 /* Project object */;
			proxyType = 1;
			remoteGlobalIDString = C7E2E7D92CB90CB20005CB10;
			remoteInfo = AgendaAPP;
		};
		C7E2E7F52CB90CB30005CB10 /* PBXContainerItemProxy */ = {
			isa = PBXContainerItemProxy;
			containerPortal = C7E2E7D22CB90CB20005CB10 /* Project object */;
			proxyType = 1;
			remoteGlobalIDString = C7E2E7D92CB90CB20005CB10;
			remoteInfo = AgendaAPP;
		};
/* End PBXContainerItemProxy section */

/* Begin PBXFileReference section */
		C7E2E7DA2CB90CB20005CB10 /* AgendaAPP.app */ = {isa = PBXFileReference; explicitFileType = wrapper.application; includeInIndex = 0; path = AgendaAPP.app; sourceTree = BUILT_PRODUCTS_DIR; };
		C7E2E7EA2CB90CB30005CB10 /* AgendaAPPTests.xctest */ = {isa = PBXFileReference; explicitFileType = wrapper.cfbundle; includeInIndex = 0; path = AgendaAPPTests.xctest; sourceTree = BUILT_PRODUCTS_DIR; };
		C7E2E7F42CB90CB30005CB10 /* AgendaAPPUITests.xctest */ = {isa = PBXFileReference; explicitFileType = wrapper.cfbundle; includeInIndex = 0; path = AgendaAPPUITests.xctest; sourceTree = BUILT_PRODUCTS_DIR; };
/* End PBXFileReference section */

/* Begin PBXFileSystemSynchronizedRootGroup section */
		C7E2E7DC2CB90CB20005CB10 /* AgendaAPP */ = {
			isa = PBXFileSystemSynchronizedRootGroup;
			path = AgendaAPP;
			sourceTree = "<group>";
		};
		C7E2E7ED2CB90CB30005CB10 /* AgendaAPPTests */ = {
			isa = PBXFileSystemSynchronizedRootGroup;
			path = AgendaAPPTests;
			sourceTree = "<group>";
		};
		C7E2E7F72CB90CB30005CB10 /* AgendaAPPUITests */ = {
			isa = PBXFileSystemSynchronizedRootGroup;
			path = AgendaAPPUITests;
			sourceTree = "<group>";
		};
/* End PBXFileSystemSynchronizedRootGroup section */

/* Begin PBXFrameworksBuildPhase section */
		C7E2E7D72CB90CB20005CB10 /* Frameworks */ = {
			isa = PBXFrameworksBuildPhase;
			buildActionMask = 2147483647;
			files = (
			);
			runOnlyForDeploymentPostprocessing = 0;
		};
		C7E2E7E72CB90CB30005CB10 /* Frameworks */ = {
			isa = PBXFrameworksBuildPhase;
			buildActionMask = 2147483647;
			files = (
			);
			runOnlyForDeploymentPostprocessing = 0;
		};
		C7E2E7F12CB90CB30005CB10 /* Frameworks */ = {
			isa = PBXFrameworksBuildPhase;
			buildActionMask = 2147483647;
			files = (
			);
			runOnlyForDeploymentPostprocessing = 0;
		};
/* End PBXFrameworksBuildPhase section */

/* Begin PBXGroup section */
		C7E2E7D12CB90CB20005CB10 = {
			isa = PBXGroup;
			children = (
				C7E2E7DC2CB90CB20005CB10 /* AgendaAPP */,
				C7E2E7ED2CB90CB30005CB10 /* AgendaAPPTests */,
				C7E2E7F72CB90CB30005CB10 /* AgendaAPPUITests */,
				C7E2E7DB2CB90CB20005CB10 /* Products */,
			);
			sourceTree = "<group>";
		};
		C7E2E7DB2CB90CB20005CB10 /* Products */ = {
			isa = PBXGroup;
			children = (
				C7E2E7DA2CB90CB20005CB10 /* AgendaAPP.app */,
				C7E2E7EA2CB90CB30005CB10 /* AgendaAPPTests.xctest */,
				C7E2E7F42CB90CB30005CB10 /* AgendaAPPUITests.xctest */,
			);
			name = Products;
			sourceTree = "<group>";
		};
/* End PBXGroup section */

/* Begin PBXNativeTarget section */
		C7E2E7D92CB90CB20005CB10 /* AgendaAPP */ = {
			isa = PBXNativeTarget;
			buildConfigurationList = C7E2E7FE2CB90CB30005CB10 /* Build configuration list for PBXNativeTarget "AgendaAPP" */;
			buildPhases = (
				C7E2E7D62CB90CB20005CB10 /* Sources */,
				C7E2E7D72CB90CB20005CB10 /* Frameworks */,
				C7E2E7D82CB90CB20005CB10 /* Resources */,
			);
			buildRules = (
			);
			dependencies = (
			);
			fileSystemSynchronizedGroups = (
				C7E2E7DC2CB90CB20005CB10 /* AgendaAPP */,
			);
			name = AgendaAPP;
			packageProductDependencies = (
			);
			productName = AgendaAPP;
			productReference = C7E2E7DA2CB90CB20005CB10 /* AgendaAPP.app */;
			productType = "com.apple.product-type.application";
		};
		C7E2E7E92CB90CB30005CB10 /* AgendaAPPTests */ = {
			isa = PBXNativeTarget;
			buildConfigurationList = C7E2E8012CB90CB30005CB10 /* Build configuration list for PBXNativeTarget "AgendaAPPTests" */;
			buildPhases = (
				C7E2E7E62CB90CB30005CB10 /* Sources */,
				C7E2E7E72CB90CB30005CB10 /* Frameworks */,
				C7E2E7E82CB90CB30005CB10 /* Resources */,
			);
			buildRules = (
			);
			dependencies = (
				C7E2E7EC2CB90CB30005CB10 /* PBXTargetDependency */,
			);
			fileSystemSynchronizedGroups = (
				C7E2E7ED2CB90CB30005CB10 /* AgendaAPPTests */,
			);
			name = AgendaAPPTests;
			packageProductDependencies = (
			);
			productName = AgendaAPPTests;
			productReference = C7E2E7EA2CB90CB30005CB10 /* AgendaAPPTests.xctest */;
			productType = "com.apple.product-type.bundle.unit-test";
		};
		C7E2E7F32CB90CB30005CB10 /* AgendaAPPUITests */ = {
			isa = PBXNativeTarget;
			buildConfigurationList = C7E2E8042CB90CB30005CB10 /* Build configuration list for PBXNativeTarget "AgendaAPPUITests" */;
			buildPhases = (
				C7E2E7F02CB90CB30005CB10 /* Sources */,
				C7E2E7F12CB90CB30005CB10 /* Frameworks */,
				C7E2E7F22CB90CB30005CB10 /* Resources */,
			);
			buildRules = (
			);
			dependencies = (
				C7E2E7F62CB90CB30005CB10 /* PBXTargetDependency */,
			);
			fileSystemSynchronizedGroups = (
				C7E2E7F72CB90CB30005CB10 /* AgendaAPPUITests */,
			);
			name = AgendaAPPUITests;
			packageProductDependencies = (
			);
			productName = AgendaAPPUITests;
			productReference = C7E2E7F42CB90CB30005CB10 /* AgendaAPPUITests.xctest */;
			productType = "com.apple.product-type.bundle.ui-testing";
		};
/* End PBXNativeTarget section */

/* Begin PBXProject section */
		C7E2E7D22CB90CB20005CB10 /* Project object */ = {
			isa = PBXProject;
			attributes = {
				BuildIndependentTargetsInParallel = 1;
				LastSwiftUpdateCheck = 1600;
				LastUpgradeCheck = 1600;
				TargetAttributes = {
					C7E2E7D92CB90CB20005CB10 = {
						CreatedOnToolsVersion = 16.0;
					};
					C7E2E7E92CB90CB30005CB10 = {
						CreatedOnToolsVersion = 16.0;
						TestTargetID = C7E2E7D92CB90CB20005CB10;
					};
					C7E2E7F32CB90CB30005CB10 = {
						CreatedOnToolsVersion = 16.0;
						TestTargetID = C7E2E7D92CB90CB20005CB10;
					};
				};
			};
			buildConfigurationList = C7E2E7D52CB90CB20005CB10 /* Build configuration list for PBXProject "AgendaAPP" */;
			developmentRegion = en;
			hasScannedForEncodings = 0;
			knownRegions = (
				en,
				Base,
			);
			mainGroup = C7E2E7D12CB90CB20005CB10;
			minimizedProjectReferenceProxies = 1;
			preferredProjectObjectVersion = 77;
			productRefGroup = C7E2E7DB2CB90CB20005CB10 /* Products */;
			projectDirPath = "";
			projectRoot = "";
			targets = (
				C7E2E7D92CB90CB20005CB10 /* AgendaAPP */,
				C7E2E7E92CB90CB30005CB10 /* AgendaAPPTests */,
				C7E2E7F32CB90CB30005CB10 /* AgendaAPPUITests */,
			);
		};
/* End PBXProject section */

/* Begin PBXResourcesBuildPhase section */
		C7E2E7D82CB90CB20005CB10 /* Resources */ = {
			isa = PBXResourcesBuildPhase;
			buildActionMask = 2147483647;
			files = (
			);
			runOnlyForDeploymentPostprocessing = 0;
		};
		C7E2E7E82CB90CB30005CB10 /* Resources */ = {
			isa = PBXResourcesBuildPhase;
			buildActionMask = 2147483647;
			files = (
			);
			runOnlyForDeploymentPostprocessing = 0;
		};
		C7E2E7F22CB90CB30005CB10 /* Resources */ = {
			isa = PBXResourcesBuildPhase;
			buildActionMask = 2147483647;
			files = (
			);
			runOnlyForDeploymentPostprocessing = 0;
		};
/* End PBXResourcesBuildPhase section */

/* Begin PBXSourcesBuildPhase section */
		C7E2E7D62CB90CB20005CB10 /* Sources */ = {
			isa = PBXSourcesBuildPhase;
			buildActionMask = 2147483647;
			files = (
			);
			runOnlyForDeploymentPostprocessing = 0;
		};
		C7E2E7E62CB90CB30005CB10 /* Sources */ = {
			isa = PBXSourcesBuildPhase;
			buildActionMask = 2147483647;
			files = (
			);
			runOnlyForDeploymentPostprocessing = 0;
		};
		C7E2E7F02CB90CB30005CB10 /* Sources */ = {
			isa = PBXSourcesBuildPhase;
			buildActionMask = 2147483647;
			files = (
			);
			runOnlyForDeploymentPostprocessing = 0;
		};
/* End PBXSourcesBuildPhase section */

/* Begin PBXTargetDependency section */
		C7E2E7EC2CB90CB30005CB10 /* PBXTargetDependency */ = {
			isa = PBXTargetDependency;
			target = C7E2E7D92CB90CB20005CB10 /* AgendaAPP */;
			targetProxy = C7E2E7EB2CB90CB30005CB10 /* PBXContainerItemProxy */;
		};
		C7E2E7F62CB90CB30005CB10 /* PBXTargetDependency */ = {
			isa = PBXTargetDependency;
			target = C7E2E7D92CB90CB20005CB10 /* AgendaAPP */;
			targetProxy = C7E2E7F52CB90CB30005CB10 /* PBXContainerItemProxy */;
		};
/* End PBXTargetDependency section */

/* Begin XCBuildConfiguration section */
		C7E2E7FC2CB90CB30005CB10 /* Debug */ = {
			isa = XCBuildConfiguration;
			buildSettings = {
				ALWAYS_SEARCH_USER_PATHS = NO;
				ASSETCATALOG_COMPILER_GENERATE_SWIFT_ASSET_SYMBOL_EXTENSIONS = YES;
				CLANG_ANALYZER_NONNULL = YES;
				CLANG_ANALYZER_NUMBER_OBJECT_CONVERSION = YES_AGGRESSIVE;
				CLANG_CXX_LANGUAGE_STANDARD = "gnu++20";
				CLANG_ENABLE_MODULES = YES;
				CLANG_ENABLE_OBJC_ARC = YES;
				CLANG_ENABLE_OBJC_WEAK = YES;
				CLANG_WARN_BLOCK_CAPTURE_AUTORELEASING = YES;
				CLANG_WARN_BOOL_CONVERSION = YES;
				CLANG_WARN_COMMA = YES;
				CLANG_WARN_CONSTANT_CONVERSION = YES;
				CLANG_WARN_DEPRECATED_OBJC_IMPLEMENTATIONS = YES;
				CLANG_WARN_DIRECT_OBJC_ISA_USAGE = YES_ERROR;
				CLANG_WARN_DOCUMENTATION_COMMENTS = YES;
				CLANG_WARN_EMPTY_BODY = YES;
				CLANG_WARN_ENUM_CONVERSION = YES;
				CLANG_WARN_INFINITE_RECURSION = YES;
				CLANG_WARN_INT_CONVERSION = YES;
				CLANG_WARN_NON_LITERAL_NULL_CONVERSION = YES;
				CLANG_WARN_OBJC_IMPLICIT_RETAIN_SELF = YES;
				CLANG_WARN_OBJC_LITERAL_CONVERSION = YES;
				CLANG_WARN_OBJC_ROOT_CLASS = YES_ERROR;
				CLANG_WARN_QUOTED_INCLUDE_IN_FRAMEWORK_HEADER = YES;
				CLANG_WARN_RANGE_LOOP_ANALYSIS = YES;
				CLANG_WARN_STRICT_PROTOTYPES = YES;
				CLANG_WARN_SUSPICIOUS_MOVE = YES;
				CLANG_WARN_UNGUARDED_AVAILABILITY = YES_AGGRESSIVE;
				CLANG_WARN_UNREACHABLE_CODE = YES;
				CLANG_WARN__DUPLICATE_METHOD_MATCH = YES;
				COPY_PHASE_STRIP = NO;
				DEBUG_INFORMATION_FORMAT = dwarf;
				ENABLE_STRICT_OBJC_MSGSEND = YES;
				ENABLE_TESTABILITY = YES;
				ENABLE_USER_SCRIPT_SANDBOXING = YES;
				GCC_C_LANGUAGE_STANDARD = gnu17;
				GCC_DYNAMIC_NO_PIC = NO;
				GCC_NO_COMMON_BLOCKS = YES;
				GCC_OPTIMIZATION_LEVEL = 0;
				GCC_PREPROCESSOR_DEFINITIONS = (
					"DEBUG=1",
					"$(inherited)",
				);
				GCC_WARN_64_TO_32_BIT_CONVERSION = YES;
				GCC_WARN_ABOUT_RETURN_TYPE = YES_ERROR;
				GCC_WARN_UNDECLARED_SELECTOR = YES;
				GCC_WARN_UNINITIALIZED_AUTOS = YES_AGGRESSIVE;
				GCC_WARN_UNUSED_FUNCTION = YES;
				GCC_WARN_UNUSED_VARIABLE = YES;
				IPHONEOS_DEPLOYMENT_TARGET = 18.0;
				LOCALIZATION_PREFERS_STRING_CATALOGS = YES;
				MTL_ENABLE_DEBUG_INFO = INCLUDE_SOURCE;
				MTL_FAST_MATH = YES;
				ONLY_ACTIVE_ARCH = YES;
				SDKROOT = iphoneos;
				SWIFT_ACTIVE_COMPILATION_CONDITIONS = "DEBUG $(inherited)";
				SWIFT_OPTIMIZATION_LEVEL = "-Onone";
			};
			name = Debug;
		};
		C7E2E7FD2CB90CB30005CB10 /* Release */ = {
			isa = XCBuildConfiguration;
			buildSettings = {
				ALWAYS_SEARCH_USER_PATHS = NO;
				ASSETCATALOG_COMPILER_GENERATE_SWIFT_ASSET_SYMBOL_EXTENSIONS = YES;
				CLANG_ANALYZER_NONNULL = YES;
				CLANG_ANALYZER_NUMBER_OBJECT_CONVERSION = YES_AGGRESSIVE;
				CLANG_CXX_LANGUAGE_STANDARD = "gnu++20";
				CLANG_ENABLE_MODULES = YES;
				CLANG_ENABLE_OBJC_ARC = YES;
				CLANG_ENABLE_OBJC_WEAK = YES;
				CLANG_WARN_BLOCK_CAPTURE_AUTORELEASING = YES;
				CLANG_WARN_BOOL_CONVERSION = YES;
				CLANG_WARN_COMMA = YES;
				CLANG_WARN_CONSTANT_CONVERSION = YES;
				CLANG_WARN_DEPRECATED_OBJC_IMPLEMENTATIONS = YES;
				CLANG_WARN_DIRECT_OBJC_ISA_USAGE = YES_ERROR;
				CLANG_WARN_DOCUMENTATION_COMMENTS = YES;
				CLANG_WARN_EMPTY_BODY = YES;
				CLANG_WARN_ENUM_CONVERSION = YES;
				CLANG_WARN_INFINITE_RECURSION = YES;
				CLANG_WARN_INT_CONVERSION = YES;
				CLANG_WARN_NON_LITERAL_NULL_CONVERSION = YES;
				CLANG_WARN_OBJC_IMPLICIT_RETAIN_SELF = YES;
				CLANG_WARN_OBJC_LITERAL_CONVERSION = YES;
				CLANG_WARN_OBJC_ROOT_CLASS = YES_ERROR;
				CLANG_WARN_QUOTED_INCLUDE_IN_FRAMEWORK_HEADER = YES;
				CLANG_WARN_RANGE_LOOP_ANALYSIS = YES;
				CLANG_WARN_STRICT_PROTOTYPES = YES;
				CLANG_WARN_SUSPICIOUS_MOVE = YES;
				CLANG_WARN_UNGUARDED_AVAILABILITY = YES_AGGRESSIVE;
				CLANG_WARN_UNREACHABLE_CODE = YES;
				CLANG_WARN__DUPLICATE_METHOD_MATCH = YES;
				COPY_PHASE_STRIP = NO;
				DEBUG_INFORMATION_FORMAT = "dwarf-with-dsym";
				ENABLE_NS_ASSERTIONS = NO;
				ENABLE_STRICT_OBJC_MSGSEND = YES;
				ENABLE_USER_SCRIPT_SANDBOXING = YES;
				GCC_C_LANGUAGE_STANDARD = gnu17;
				GCC_NO_COMMON_BLOCKS = YES;
				GCC_WARN_64_TO_32_BIT_CONVERSION = YES;
				GCC_WARN_ABOUT_RETURN_TYPE = YES_ERROR;
				GCC_WARN_UNDECLARED_SELECTOR = YES;
				GCC_WARN_UNINITIALIZED_AUTOS = YES_AGGRESSIVE;
				GCC_WARN_UNUSED_FUNCTION = YES;
				GCC_WARN_UNUSED_VARIABLE = YES;
				IPHONEOS_DEPLOYMENT_TARGET = 18.0;
				LOCALIZATION_PREFERS_STRING_CATALOGS = YES;
				MTL_ENABLE_DEBUG_INFO = NO;
				MTL_FAST_MATH = YES;
				SDKROOT = iphoneos;
				SWIFT_COMPILATION_MODE = wholemodule;
				VALIDATE_PRODUCT = YES;
			};
			name = Release;
		};
		C7E2E7FF2CB90CB30005CB10 /* Debug */ = {
			isa = XCBuildConfiguration;
			buildSettings = {
				ASSETCATALOG_COMPILER_APPICON_NAME = AppIcon;
				ASSETCATALOG_COMPILER_GLOBAL_ACCENT_COLOR_NAME = AccentColor;
				CODE_SIGN_STYLE = Automatic;
				CURRENT_PROJECT_VERSION = 1;
				DEVELOPMENT_ASSET_PATHS = "\"AgendaAPP/Preview Content\"";
				ENABLE_PREVIEWS = YES;
				GENERATE_INFOPLIST_FILE = YES;
				INFOPLIST_KEY_UIApplicationSceneManifest_Generation = YES;
				INFOPLIST_KEY_UIApplicationSupportsIndirectInputEvents = YES;
				INFOPLIST_KEY_UILaunchScreen_Generation = YES;
				INFOPLIST_KEY_UISupportedInterfaceOrientations_iPad = "UIInterfaceOrientationPortrait UIInterfaceOrientationPortraitUpsideDown UIInterfaceOrientationLandscapeLeft UIInterfaceOrientationLandscapeRight";
				INFOPLIST_KEY_UISupportedInterfaceOrientations_iPhone = "UIInterfaceOrientationPortrait UIInterfaceOrientationLandscapeLeft UIInterfaceOrientationLandscapeRight";
				LD_RUNPATH_SEARCH_PATHS = (
					"$(inherited)",
					"@executable_path/Frameworks",
				);
				MARKETING_VERSION = 1.0;
				PRODUCT_BUNDLE_IDENTIFIER = Jianji.AgendaAPP;
				PRODUCT_NAME = "$(TARGET_NAME)";
				SWIFT_EMIT_LOC_STRINGS = YES;
				SWIFT_VERSION = 5.0;
				TARGETED_DEVICE_FAMILY = "1,2";
			};
			name = Debug;
		};
		C7E2E8002CB90CB30005CB10 /* Release */ = {
			isa = XCBuildConfiguration;
			buildSettings = {
				ASSETCATALOG_COMPILER_APPICON_NAME = AppIcon;
				ASSETCATALOG_COMPILER_GLOBAL_ACCENT_COLOR_NAME = AccentColor;
				CODE_SIGN_STYLE = Automatic;
				CURRENT_PROJECT_VERSION = 1;
				DEVELOPMENT_ASSET_PATHS = "\"AgendaAPP/Preview Content\"";
				ENABLE_PREVIEWS = YES;
				GENERATE_INFOPLIST_FILE = YES;
				INFOPLIST_KEY_UIApplicationSceneManifest_Generation = YES;
				INFOPLIST_KEY_UIApplicationSupportsIndirectInputEvents = YES;
				INFOPLIST_KEY_UILaunchScreen_Generation = YES;
				INFOPLIST_KEY_UISupportedInterfaceOrientations_iPad = "UIInterfaceOrientationPortrait UIInterfaceOrientationPortraitUpsideDown UIInterfaceOrientationLandscapeLeft UIInterfaceOrientationLandscapeRight";
				INFOPLIST_KEY_UISupportedInterfaceOrientations_iPhone = "UIInterfaceOrientationPortrait UIInterfaceOrientationLandscapeLeft UIInterfaceOrientationLandscapeRight";
				LD_RUNPATH_SEARCH_PATHS = (
					"$(inherited)",
					"@executable_path/Frameworks",
				);
				MARKETING_VERSION = 1.0;
				PRODUCT_BUNDLE_IDENTIFIER = Jianji.AgendaAPP;
				PRODUCT_NAME = "$(TARGET_NAME)";
				SWIFT_EMIT_LOC_STRINGS = YES;
				SWIFT_VERSION = 5.0;
				TARGETED_DEVICE_FAMILY = "1,2";
			};
			name = Release;
		};
		C7E2E8022CB90CB30005CB10 /* Debug */ = {
			isa = XCBuildConfiguration;
			buildSettings = {
				BUNDLE_LOADER = "$(TEST_HOST)";
				CODE_SIGN_STYLE = Automatic;
				CURRENT_PROJECT_VERSION = 1;
				GENERATE_INFOPLIST_FILE = YES;
				IPHONEOS_DEPLOYMENT_TARGET = 18.0;
				MARKETING_VERSION = 1.0;
				PRODUCT_BUNDLE_IDENTIFIER = Jianji.AgendaAPPTests;
				PRODUCT_NAME = "$(TARGET_NAME)";
				SWIFT_EMIT_LOC_STRINGS = NO;
				SWIFT_VERSION = 5.0;
				TARGETED_DEVICE_FAMILY = "1,2";
				TEST_HOST = "$(BUILT_PRODUCTS_DIR)/AgendaAPP.app/$(BUNDLE_EXECUTABLE_FOLDER_PATH)/AgendaAPP";
			};
			name = Debug;
		};
		C7E2E8032CB90CB30005CB10 /* Release */ = {
			isa = XCBuildConfiguration;
			buildSettings = {
				BUNDLE_LOADER = "$(TEST_HOST)";
				CODE_SIGN_STYLE = Automatic;
				CURRENT_PROJECT_VERSION = 1;
				GENERATE_INFOPLIST_FILE = YES;
				IPHONEOS_DEPLOYMENT_TARGET = 18.0;
				MARKETING_VERSION = 1.0;
				PRODUCT_BUNDLE_IDENTIFIER = Jianji.AgendaAPPTests;
				PRODUCT_NAME = "$(TARGET_NAME)";
				SWIFT_EMIT_LOC_STRINGS = NO;
				SWIFT_VERSION = 5.0;
				TARGETED_DEVICE_FAMILY = "1,2";
				TEST_HOST = "$(BUILT_PRODUCTS_DIR)/AgendaAPP.app/$(BUNDLE_EXECUTABLE_FOLDER_PATH)/AgendaAPP";
			};
			name = Release;
		};
		C7E2E8052CB90CB30005CB10 /* Debug */ = {
			isa = XCBuildConfiguration;
			buildSettings = {
				CODE_SIGN_STYLE = Automatic;
				CURRENT_PROJECT_VERSION = 1;
				GENERATE_INFOPLIST_FILE = YES;
				MARKETING_VERSION = 1.0;
				PRODUCT_BUNDLE_IDENTIFIER = Jianji.AgendaAPPUITests;
				PRODUCT_NAME = "$(TARGET_NAME)";
				SWIFT_EMIT_LOC_STRINGS = NO;
				SWIFT_VERSION = 5.0;
				TARGETED_DEVICE_FAMILY = "1,2";
				TEST_TARGET_NAME = AgendaAPP;
			};
			name = Debug;
		};
		C7E2E8062CB90CB30005CB10 /* Release */ = {
			isa = XCBuildConfiguration;
			buildSettings = {
				CODE_SIGN_STYLE = Automatic;
				CURRENT_PROJECT_VERSION = 1;
				GENERATE_INFOPLIST_FILE = YES;
				MARKETING_VERSION = 1.0;
				PRODUCT_BUNDLE_IDENTIFIER = Jianji.AgendaAPPUITests;
				PRODUCT_NAME = "$(TARGET_NAME)";
				SWIFT_EMIT_LOC_STRINGS = NO;
				SWIFT_VERSION = 5.0;
				TARGETED_DEVICE_FAMILY = "1,2";
				TEST_TARGET_NAME = AgendaAPP;
			};
			name = Release;
		};
/* End XCBuildConfiguration section */

/* Begin XCConfigurationList section */
		C7E2E7D52CB90CB20005CB10 /* Build configuration list for PBXProject "AgendaAPP" */ = {
			isa = XCConfigurationList;
			buildConfigurations = (
				C7E2E7FC2CB90CB30005CB10 /* Debug */,
				C7E2E7FD2CB90CB30005CB10 /* Release */,
			);
			defaultConfigurationIsVisible = 0;
			defaultConfigurationName = Release;
		};
		C7E2E7FE2CB90CB30005CB10 /* Build configuration list for PBXNativeTarget "AgendaAPP" */ = {
			isa = XCConfigurationList;
			buildConfigurations = (
				C7E2E7FF2CB90CB30005CB10 /* Debug */,
				C7E2E8002CB90CB30005CB10 /* Release */,
			);
			defaultConfigurationIsVisible = 0;
			defaultConfigurationName = Release;
		};
		C7E2E8012CB90CB30005CB10 /* Build configuration list for PBXNativeTarget "AgendaAPPTests" */ = {
			isa = XCConfigurationList;
			buildConfigurations = (
				C7E2E8022CB90CB30005CB10 /* Debug */,
				C7E2E8032CB90CB30005CB10 /* Release */,
			);
			defaultConfigurationIsVisible = 0;
			defaultConfigurationName = Release;
		};
		C7E2E8042CB90CB30005CB10 /* Build configuration list for PBXNativeTarget "AgendaAPPUITests" */ = {
			isa = XCConfigurationList;
			buildConfigurations = (
				C7E2E8052CB90CB30005CB10 /* Debug */,
				C7E2E8062CB90CB30005CB10 /* Release */,
			);
			defaultConfigurationIsVisible = 0;
			defaultConfigurationName = Release;
		};
/* End XCConfigurationList section */
	};
	rootObject = C7E2E7D22CB90CB20005CB10 /* Project object */;
}
